// !$*UTF8*$!
{
	archiveVersion = 1;
	classes = {
	};
	objectVersion = 50;
	objects = {

/* Begin PBXBuildFile section */
		035F74D424BE0E7700E3D5F4 /* AppDelegate.swift in Sources */ = {isa = PBXBuildFile; fileRef = 035F74D324BE0E7700E3D5F4 /* AppDelegate.swift */; };
		035F74D624BE0E7700E3D5F4 /* SceneDelegate.swift in Sources */ = {isa = PBXBuildFile; fileRef = 035F74D524BE0E7700E3D5F4 /* SceneDelegate.swift */; };
		035F74D824BE0E7700E3D5F4 /* ViewController.swift in Sources */ = {isa = PBXBuildFile; fileRef = 035F74D724BE0E7700E3D5F4 /* ViewController.swift */; };
		035F74DB24BE0E7700E3D5F4 /* Main.storyboard in Resources */ = {isa = PBXBuildFile; fileRef = 035F74D924BE0E7700E3D5F4 /* Main.storyboard */; };
		035F74DE24BE0E7700E3D5F4 /* gitHubTest.xcdatamodeld in Sources */ = {isa = PBXBuildFile; fileRef = 035F74DC24BE0E7700E3D5F4 /* gitHubTest.xcdatamodeld */; };
		035F74E024BE0E7A00E3D5F4 /* Assets.xcassets in Resources */ = {isa = PBXBuildFile; fileRef = 035F74DF24BE0E7A00E3D5F4 /* Assets.xcassets */; };
		035F74E324BE0E7A00E3D5F4 /* LaunchScreen.storyboard in Resources */ = {isa = PBXBuildFile; fileRef = 035F74E124BE0E7A00E3D5F4 /* LaunchScreen.storyboard */; };
/* End PBXBuildFile section */

/* Begin PBXFileReference section */
		035F74D024BE0E7700E3D5F4 /* gitHubTest.app */ = {isa = PBXFileReference; explicitFileType = wrapper.application; includeInIndex = 0; path = gitHubTest.app; sourceTree = BUILT_PRODUCTS_DIR; };
		035F74D324BE0E7700E3D5F4 /* AppDelegate.swift */ = {isa = PBXFileReference; lastKnownFileType = sourcecode.swift; path = AppDelegate.swift; sourceTree = "<group>"; };
		035F74D524BE0E7700E3D5F4 /* SceneDelegate.swift */ = {isa = PBXFileReference; lastKnownFileType = sourcecode.swift; path = SceneDelegate.swift; sourceTree = "<group>"; };
		035F74D724BE0E7700E3D5F4 /* ViewController.swift */ = {isa = PBXFileReference; lastKnownFileType = sourcecode.swift; path = ViewController.swift; sourceTree = "<group>"; };
		035F74DA24BE0E7700E3D5F4 /* Base */ = {isa = PBXFileReference; lastKnownFileType = file.storyboard; name = Base; path = Base.lproj/Main.storyboard; sourceTree = "<group>"; };
		035F74DD24BE0E7700E3D5F4 /* gitHubTest.xcdatamodel */ = {isa = PBXFileReference; lastKnownFileType = wrapper.xcdatamodel; path = gitHubTest.xcdatamodel; sourceTree = "<group>"; };
		035F74DF24BE0E7A00E3D5F4 /* Assets.xcassets */ = {isa = PBXFileReference; lastKnownFileType = folder.assetcatalog; path = Assets.xcassets; sourceTree = "<group>"; };
		035F74E224BE0E7A00E3D5F4 /* Base */ = {isa = PBXFileReference; lastKnownFileType = file.storyboard; name = Base; path = Base.lproj/LaunchScreen.storyboard; sourceTree = "<group>"; };
		035F74E424BE0E7A00E3D5F4 /* Info.plist */ = {isa = PBXFileReference; lastKnownFileType = text.plist.xml; path = Info.plist; sourceTree = "<group>"; };
/* End PBXFileReference section */

/* Begin PBXFrameworksBuildPhase section */
		035F74CD24BE0E7700E3D5F4 /* Frameworks */ = {
			isa = PBXFrameworksBuildPhase;
			buildActionMask = 2147483647;
			files = (
			);
			runOnlyForDeploymentPostprocessing = 0;
		};
/* End PBXFrameworksBuildPhase section */

/* Begin PBXGroup section */
		035F74C724BE0E7700E3D5F4 = {
			isa = PBXGroup;
			children = (
				035F74D224BE0E7700E3D5F4 /* gitHubTest */,
				035F74D124BE0E7700E3D5F4 /* Products */,
			);
			sourceTree = "<group>";
		};
		035F74D124BE0E7700E3D5F4 /* Products */ = {
			isa = PBXGroup;
			children = (
				035F74D024BE0E7700E3D5F4 /* gitHubTest.app */,
			);
			name = Products;
			sourceTree = "<group>";
		};
		035F74D224BE0E7700E3D5F4 /* gitHubTest */ = {
			isa = PBXGroup;
			children = (
				035F74D324BE0E7700E3D5F4 /* AppDelegate.swift */,
				035F74D524BE0E7700E3D5F4 /* SceneDelegate.swift */,
				035F74D724BE0E7700E3D5F4 /* ViewController.swift */,
				035F74D924BE0E7700E3D5F4 /* Main.storyboard */,
				035F74DF24BE0E7A00E3D5F4 /* Assets.xcassets */,
				035F74E124BE0E7A00E3D5F4 /* LaunchScreen.storyboard */,
				035F74E424BE0E7A00E3D5F4 /* Info.plist */,
				035F74DC24BE0E7700E3D5F4 /* gitHubTest.xcdatamodeld */,
			);
			path = gitHubTest;
			sourceTree = "<group>";
		};
/* End PBXGroup section */

/* Begin PBXNativeTarget section */
		035F74CF24BE0E7700E3D5F4 /* gitHubTest */ = {
			isa = PBXNativeTarget;
			buildConfigurationList = 035F74E724BE0E7A00E3D5F4 /* Build configuration list for PBXNativeTarget "gitHubTest" */;
			buildPhases = (
				035F74CC24BE0E7700E3D5F4 /* Sources */,
				035F74CD24BE0E7700E3D5F4 /* Frameworks */,
				035F74CE24BE0E7700E3D5F4 /* Resources */,
			);
			buildRules = (
			);
			dependencies = (
			);
			name = gitHubTest;
			productName = gitHubTest;
			productReference = 035F74D024BE0E7700E3D5F4 /* gitHubTest.app */;
			productType = "com.apple.product-type.application";
		};
/* End PBXNativeTarget section */

/* Begin PBXProject section */
		035F74C824BE0E7700E3D5F4 /* Project object */ = {
			isa = PBXProject;
			attributes = {
				LastSwiftUpdateCheck = 1150;
				LastUpgradeCheck = 1150;
				ORGANIZATIONNAME = "Erika Kurre";
				TargetAttributes = {
					035F74CF24BE0E7700E3D5F4 = {
						CreatedOnToolsVersion = 11.5;
					};
				};
			};
			buildConfigurationList = 035F74CB24BE0E7700E3D5F4 /* Build configuration list for PBXProject "gitHubTest" */;
			compatibilityVersion = "Xcode 9.3";
			developmentRegion = en;
			hasScannedForEncodings = 0;
			knownRegions = (
				en,
				Base,
			);
			mainGroup = 035F74C724BE0E7700E3D5F4;
			productRefGroup = 035F74D124BE0E7700E3D5F4 /* Products */;
			projectDirPath = "";
			projectRoot = "";
			targets = (
				035F74CF24BE0E7700E3D5F4 /* gitHubTest */,
			);
		};
/* End PBXProject section */

/* Begin PBXResourcesBuildPhase section */
		035F74CE24BE0E7700E3D5F4 /* Resources */ = {
			isa = PBXResourcesBuildPhase;
			buildActionMask = 2147483647;
			files = (
				035F74E324BE0E7A00E3D5F4 /* LaunchScreen.storyboard in Resources */,
				035F74E024BE0E7A00E3D5F4 /* Assets.xcassets in Resources */,
				035F74DB24BE0E7700E3D5F4 /* Main.storyboard in Resources */,
			);
			runOnlyForDeploymentPostprocessing = 0;
		};
/* End PBXResourcesBuildPhase section */

/* Begin PBXSourcesBuildPhase section */
		035F74CC24BE0E7700E3D5F4 /* Sources */ = {
			isa = PBXSourcesBuildPhase;
			buildActionMask = 2147483647;
			files = (
				035F74D824BE0E7700E3D5F4 /* ViewController.swift in Sources */,
				035F74D424BE0E7700E3D5F4 /* AppDelegate.swift in Sources */,
				035F74DE24BE0E7700E3D5F4 /* gitHubTest.xcdatamodeld in Sources */,
				035F74D624BE0E7700E3D5F4 /* SceneDelegate.swift in Sources */,
			);
			runOnlyForDeploymentPostprocessing = 0;
		};
/* End PBXSourcesBuildPhase section */

/* Begin PBXVariantGroup section */
		035F74D924BE0E7700E3D5F4 /* Main.storyboard */ = {
			isa = PBXVariantGroup;
			children = (
				035F74DA24BE0E7700E3D5F4 /* Base */,
			);
			name = Main.storyboard;
			sourceTree = "<group>";
		};
		035F74E124BE0E7A00E3D5F4 /* LaunchScreen.storyboard */ = {
			isa = PBXVariantGroup;
			children = (
				035F74E224BE0E7A00E3D5F4 /* Base */,
			);
			name = LaunchScreen.storyboard;
			sourceTree = "<group>";
		};
/* End PBXVariantGroup section */

/* Begin XCBuildConfiguration section */
		035F74E524BE0E7A00E3D5F4 /* Debug */ = {
			isa = XCBuildConfiguration;
			buildSettings = {
				ALWAYS_SEARCH_USER_PATHS = NO;
				CLANG_ANALYZER_NONNULL = YES;
				CLANG_ANALYZER_NUMBER_OBJECT_CONVERSION = YES_AGGRESSIVE;
				CLANG_CXX_LANGUAGE_STANDARD = "gnu++14";
				CLANG_CXX_LIBRARY = "libc++";
				CLANG_ENABLE_MODULES = YES;
				CLANG_ENABLE_OBJC_ARC = YES;
				CLANG_ENABLE_OBJC_WEAK = YES;
				CLANG_WARN_BLOCK_CAPTURE_AUTORELEASING = YES;
				CLANG_WARN_BOOL_CONVERSION = YES;
				CLANG_WARN_COMMA = YES;
				CLANG_WARN_CONSTANT_CONVERSION = YES;
				CLANG_WARN_DEPRECATED_OBJC_IMPLEMENTATIONS = YES;
				CLANG_WARN_DIRECT_OBJC_ISA_USAGE = YES_ERROR;
				CLANG_WARN_DOCUMENTATION_COMMENTS = YES;
				CLANG_WARN_EMPTY_BODY = YES;
				CLANG_WARN_ENUM_CONVERSION = YES;
				CLANG_WARN_INFINITE_RECURSION = YES;
				CLANG_WARN_INT_CONVERSION = YES;
				CLANG_WARN_NON_LITERAL_NULL_CONVERSION = YES;
				CLANG_WARN_OBJC_IMPLICIT_RETAIN_SELF = YES;
				CLANG_WARN_OBJC_LITERAL_CONVERSION = YES;
				CLANG_WARN_OBJC_ROOT_CLASS = YES_ERROR;
				CLANG_WARN_RANGE_LOOP_ANALYSIS = YES;
				CLANG_WARN_STRICT_PROTOTYPES = YES;
				CLANG_WARN_SUSPICIOUS_MOVE = YES;
				CLANG_WARN_UNGUARDED_AVAILABILITY = YES_AGGRESSIVE;
				CLANG_WARN_UNREACHABLE_CODE = YES;
				CLANG_WARN__DUPLICATE_METHOD_MATCH = YES;
				COPY_PHASE_STRIP = NO;
				DEBUG_INFORMATION_FORMAT = dwarf;
				ENABLE_STRICT_OBJC_MSGSEND = YES;
				ENABLE_TESTABILITY = YES;
				GCC_C_LANGUAGE_STANDARD = gnu11;
				GCC_DYNAMIC_NO_PIC = NO;
				GCC_NO_COMMON_BLOCKS = YES;
				GCC_OPTIMIZATION_LEVEL = 0;
				GCC_PREPROCESSOR_DEFINITIONS = (
					"DEBUG=1",
					"$(inherited)",
				);
				GCC_WARN_64_TO_32_BIT_CONVERSION = YES;
				GCC_WARN_ABOUT_RETURN_TYPE = YES_ERROR;
				GCC_WARN_UNDECLARED_SELECTOR = YES;
				GCC_WARN_UNINITIALIZED_AUTOS = YES_AGGRESSIVE;
				GCC_WARN_UNUSED_FUNCTION = YES;
				GCC_WARN_UNUSED_VARIABLE = YES;
				IPHONEOS_DEPLOYMENT_TARGET = 13.5;
				MTL_ENABLE_DEBUG_INFO = INCLUDE_SOURCE;
				MTL_FAST_MATH = YES;
				ONLY_ACTIVE_ARCH = YES;
				SDKROOT = iphoneos;
				SWIFT_ACTIVE_COMPILATION_CONDITIONS = DEBUG;
				SWIFT_OPTIMIZATION_LEVEL = "-Onone";
			};
			name = Debug;
		};
		035F74E624BE0E7A00E3D5F4 /* Release */ = {
			isa = XCBuildConfiguration;
			buildSettings = {
				ALWAYS_SEARCH_USER_PATHS = NO;
				CLANG_ANALYZER_NONNULL = YES;
				CLANG_ANALYZER_NUMBER_OBJECT_CONVERSION = YES_AGGRESSIVE;
				CLANG_CXX_LANGUAGE_STANDARD = "gnu++14";
				CLANG_CXX_LIBRARY = "libc++";
				CLANG_ENABLE_MODULES = YES;
				CLANG_ENABLE_OBJC_ARC = YES;
				CLANG_ENABLE_OBJC_WEAK = YES;
				CLANG_WARN_BLOCK_CAPTURE_AUTORELEASING = YES;
				CLANG_WARN_BOOL_CONVERSION = YES;
				CLANG_WARN_COMMA = YES;
				CLANG_WARN_CONSTANT_CONVERSION = YES;
				CLANG_WARN_DEPRECATED_OBJC_IMPLEMENTATIONS = YES;
				CLANG_WARN_DIRECT_OBJC_ISA_USAGE = YES_ERROR;
				CLANG_WARN_DOCUMENTATION_COMMENTS = YES;
				CLANG_WARN_EMPTY_BODY = YES;
				CLANG_WARN_ENUM_CONVERSION = YES;
				CLANG_WARN_INFINITE_RECURSION = YES;
				CLANG_WARN_INT_CONVERSION = YES;
				CLANG_WARN_NON_LITERAL_NULL_CONVERSION = YES;
				CLANG_WARN_OBJC_IMPLICIT_RETAIN_SELF = YES;
				CLANG_WARN_OBJC_LITERAL_CONVERSION = YES;
				CLANG_WARN_OBJC_ROOT_CLASS = YES_ERROR;
				CLANG_WARN_RANGE_LOOP_ANALYSIS = YES;
				CLANG_WARN_STRICT_PROTOTYPES = YES;
				CLANG_WARN_SUSPICIOUS_MOVE = YES;
				CLANG_WARN_UNGUARDED_AVAILABILITY = YES_AGGRESSIVE;
				CLANG_WARN_UNREACHABLE_CODE = YES;
				CLANG_WARN__DUPLICATE_METHOD_MATCH = YES;
				COPY_PHASE_STRIP = NO;
				DEBUG_INFORMATION_FORMAT = "dwarf-with-dsym";
				ENABLE_NS_ASSERTIONS = NO;
				ENABLE_STRICT_OBJC_MSGSEND = YES;
				GCC_C_LANGUAGE_STANDARD = gnu11;
				GCC_NO_COMMON_BLOCKS = YES;
				GCC_WARN_64_TO_32_BIT_CONVERSION = YES;
				GCC_WARN_ABOUT_RETURN_TYPE = YES_ERROR;
				GCC_WARN_UNDECLARED_SELECTOR = YES;
				GCC_WARN_UNINITIALIZED_AUTOS = YES_AGGRESSIVE;
				GCC_WARN_UNUSED_FUNCTION = YES;
				GCC_WARN_UNUSED_VARIABLE = YES;
				IPHONEOS_DEPLOYMENT_TARGET = 13.5;
				MTL_ENABLE_DEBUG_INFO = NO;
				MTL_FAST_MATH = YES;
				SDKROOT = iphoneos;
				SWIFT_COMPILATION_MODE = wholemodule;
				SWIFT_OPTIMIZATION_LEVEL = "-O";
				VALIDATE_PRODUCT = YES;
			};
			name = Release;
		};
		035F74E824BE0E7A00E3D5F4 /* Debug */ = {
			isa = XCBuildConfiguration;
			buildSettings = {
				ASSETCATALOG_COMPILER_APPICON_NAME = AppIcon;
				CODE_SIGN_STYLE = Automatic;
				INFOPLIST_FILE = gitHubTest/Info.plist;
				LD_RUNPATH_SEARCH_PATHS = (
					"$(inherited)",
					"@executable_path/Frameworks",
				);
				PRODUCT_BUNDLE_IDENTIFIER = IntroToStoryboard.gitHubTest;
				PRODUCT_NAME = "$(TARGET_NAME)";
				SWIFT_VERSION = 5.0;
				TARGETED_DEVICE_FAMILY = "1,2";
			};
			name = Debug;
		};
		035F74E924BE0E7A00E3D5F4 /* Release */ = {
			isa = XCBuildConfiguration;
			buildSettings = {
				ASSETCATALOG_COMPILER_APPICON_NAME = AppIcon;
				CODE_SIGN_STYLE = Automatic;
				INFOPLIST_FILE = gitHubTest/Info.plist;
				LD_RUNPATH_SEARCH_PATHS = (
					"$(inherited)",
					"@executable_path/Frameworks",
				);
				PRODUCT_BUNDLE_IDENTIFIER = IntroToStoryboard.gitHubTest;
				PRODUCT_NAME = "$(TARGET_NAME)";
				SWIFT_VERSION = 5.0;
				TARGETED_DEVICE_FAMILY = "1,2";
			};
			name = Release;
		};
/* End XCBuildConfiguration section */

/* Begin XCConfigurationList section */
		035F74CB24BE0E7700E3D5F4 /* Build configuration list for PBXProject "gitHubTest" */ = {
			isa = XCConfigurationList;
			buildConfigurations = (
				035F74E524BE0E7A00E3D5F4 /* Debug */,
				035F74E624BE0E7A00E3D5F4 /* Release */,
			);
			defaultConfigurationIsVisible = 0;
			defaultConfigurationName = Release;
		};
		035F74E724BE0E7A00E3D5F4 /* Build configuration list for PBXNativeTarget "gitHubTest" */ = {
			isa = XCConfigurationList;
			buildConfigurations = (
				035F74E824BE0E7A00E3D5F4 /* Debug */,
				035F74E924BE0E7A00E3D5F4 /* Release */,
			);
			defaultConfigurationIsVisible = 0;
			defaultConfigurationName = Release;
		};
/* End XCConfigurationList section */

/* Begin XCVersionGroup section */
		035F74DC24BE0E7700E3D5F4 /* gitHubTest.xcdatamodeld */ = {
			isa = XCVersionGroup;
			children = (
				035F74DD24BE0E7700E3D5F4 /* gitHubTest.xcdatamodel */,
			);
			currentVersion = 035F74DD24BE0E7700E3D5F4 /* gitHubTest.xcdatamodel */;
			path = gitHubTest.xcdatamodeld;
			sourceTree = "<group>";
			versionGroupType = wrapper.xcdatamodel;
		};
/* End XCVersionGroup section */
	};
	rootObject = 035F74C824BE0E7700E3D5F4 /* Project object */;
}
